
Microsoft Visual Studio Solution File, Format Version 12.00
# Visual Studio Version 16
VisualStudioVersion = 16.0.30907.101
MinimumVisualStudioVersion = 10.0.40219.1
Project("{FAE04EC0-301F-11D3-BF4B-00C04F79EFBC}") = "ConsoleCalculator", "ConsoleCalculator\ConsoleCalculator.csproj", "{D28BFA2A-5F19-4BF6-A4C5-96906D3BA23C}"
EndProject
Global
	GlobalSection(SolutionConfigurationPlatforms) = preSolution
		Debug|Any CPU = Debug|Any CPU
		Release|Any CPU = Release|Any CPU
	EndGlobalSection
	GlobalSection(ProjectConfigurationPlatforms) = postSolution
		{D28BFA2A-5F19-4BF6-A4C5-96906D3BA23C}.Debug|Any CPU.ActiveCfg = Debug|Any CPU
		{D28BFA2A-5F19-4BF6-A4C5-96906D3BA23C}.Debug|Any CPU.Build.0 = Debug|Any CPU
		{D28BFA2A-5F19-4BF6-A4C5-96906D3BA23C}.Release|Any CPU.ActiveCfg = Release|Any CPU
		{D28BFA2A-5F19-4BF6-A4C5-96906D3BA23C}.Release|Any CPU.Build.0 = Release|Any CPU
	EndGlobalSection
	GlobalSection(SolutionProperties) = preSolution
		HideSolutionNode = FALSE
	EndGlobalSection
	GlobalSection(ExtensibilityGlobals) = postSolution
		SolutionGuid = {FC923F43-AC07-494B-A584-EC5DF5CC4132}
	EndGlobalSection
EndGlobal
