
Microsoft Visual Studio Solution File, Format Version 12.00
# Visual Studio Version 16
VisualStudioVersion = 16.0.30907.101
MinimumVisualStudioVersion = 10.0.40219.1
Project("{FAE04EC0-301F-11D3-BF4B-00C04F79EFBC}") = "20210203-L02-Fibonacci", "20210203-L02-Fibonacci\20210203-L02-Fibonacci.csproj", "{898353AF-45C1-4B9B-B746-7752B304A0D3}"
EndProject
Global
	GlobalSection(SolutionConfigurationPlatforms) = preSolution
		Debug|Any CPU = Debug|Any CPU
		Release|Any CPU = Release|Any CPU
	EndGlobalSection
	GlobalSection(ProjectConfigurationPlatforms) = postSolution
		{898353AF-45C1-4B9B-B746-7752B304A0D3}.Debug|Any CPU.ActiveCfg = Debug|Any CPU
		{898353AF-45C1-4B9B-B746-7752B304A0D3}.Debug|Any CPU.Build.0 = Debug|Any CPU
		{898353AF-45C1-4B9B-B746-7752B304A0D3}.Release|Any CPU.ActiveCfg = Release|Any CPU
		{898353AF-45C1-4B9B-B746-7752B304A0D3}.Release|Any CPU.Build.0 = Release|Any CPU
	EndGlobalSection
	GlobalSection(SolutionProperties) = preSolution
		HideSolutionNode = FALSE
	EndGlobalSection
	GlobalSection(ExtensibilityGlobals) = postSolution
		SolutionGuid = {48752537-76BE-4D85-8BCB-0C176B659D17}
	EndGlobalSection
EndGlobal
