
Microsoft Visual Studio Solution File, Format Version 12.00
# Visual Studio Version 16
VisualStudioVersion = 16.0.30907.101
MinimumVisualStudioVersion = 10.0.40219.1
Project("{FAE04EC0-301F-11D3-BF4B-00C04F79EFBC}") = "20210203-L02-ValAndRefType", "20210203-L02-ValAndRefType\20210203-L02-ValAndRefType.csproj", "{F643A814-2ED9-40C5-A8D7-5D6F93DBD5CF}"
EndProject
Global
	GlobalSection(SolutionConfigurationPlatforms) = preSolution
		Debug|Any CPU = Debug|Any CPU
		Release|Any CPU = Release|Any CPU
	EndGlobalSection
	GlobalSection(ProjectConfigurationPlatforms) = postSolution
		{F643A814-2ED9-40C5-A8D7-5D6F93DBD5CF}.Debug|Any CPU.ActiveCfg = Debug|Any CPU
		{F643A814-2ED9-40C5-A8D7-5D6F93DBD5CF}.Debug|Any CPU.Build.0 = Debug|Any CPU
		{F643A814-2ED9-40C5-A8D7-5D6F93DBD5CF}.Release|Any CPU.ActiveCfg = Release|Any CPU
		{F643A814-2ED9-40C5-A8D7-5D6F93DBD5CF}.Release|Any CPU.Build.0 = Release|Any CPU
	EndGlobalSection
	GlobalSection(SolutionProperties) = preSolution
		HideSolutionNode = FALSE
	EndGlobalSection
	GlobalSection(ExtensibilityGlobals) = postSolution
		SolutionGuid = {B2447CC7-B253-4F4B-B43B-678A4B03DC3D}
	EndGlobalSection
EndGlobal
